
Microsoft Visual Studio Solution File, Format Version 10.00
# Visual C++ Express 2008
Project("{8BC9CEB8-8B4A-11D0-8D11-00A0C91BC942}") = "M1_HannahYu", "M1_HannahYu\M1_HannahYu.vcproj", "{1596D47F-6587-456B-AA5C-C5557BD903BB}"
EndProject
Global
	GlobalSection(SolutionConfigurationPlatforms) = preSolution
		Debug|Win32 = Debug|Win32
		Release|Win32 = Release|Win32
	EndGlobalSection
	GlobalSection(ProjectConfigurationPlatforms) = postSolution
		{1596D47F-6587-456B-AA5C-C5557BD903BB}.Debug|Win32.ActiveCfg = Debug|Win32
		{1596D47F-6587-456B-AA5C-C5557BD903BB}.Debug|Win32.Build.0 = Debug|Win32
		{1596D47F-6587-456B-AA5C-C5557BD903BB}.Release|Win32.ActiveCfg = Release|Win32
		{1596D47F-6587-456B-AA5C-C5557BD903BB}.Release|Win32.Build.0 = Release|Win32
	EndGlobalSection
	GlobalSection(SolutionProperties) = preSolution
		HideSolutionNode = FALSE
	EndGlobalSection
EndGlobal
